// !$*UTF8*$!
{
	archiveVersion = 1;
	classes = {
	};
	objectVersion = 50;
	objects = {

/* Begin PBXBuildFile section */
		3715C16C24D295950027BEB3 /* main.cpp in Sources */ = {isa = PBXBuildFile; fileRef = 3715C16B24D295950027BEB3 /* main.cpp */; };
		37A9F34B24D7D76200B99BBC /* glad.c in Sources */ = {isa = PBXBuildFile; fileRef = 37A9F34A24D7D76200B99BBC /* glad.c */; };
		37A9F34F24D7D8F000B99BBC /* libglfw3.a in Frameworks */ = {isa = PBXBuildFile; fileRef = 37A9F34E24D7D8F000B99BBC /* libglfw3.a */; };
		37A9F35324D7DD2300B99BBC /* OpenGL.framework in Frameworks */ = {isa = PBXBuildFile; fileRef = 37A9F35224D7DD2300B99BBC /* OpenGL.framework */; };
		37A9F35424D7DD3000B99BBC /* Cocoa.framework in Frameworks */ = {isa = PBXBuildFile; fileRef = 37A9F35024D7DD1B00B99BBC /* Cocoa.framework */; };
		37A9F35624D7DD3C00B99BBC /* GLUT.framework in Frameworks */ = {isa = PBXBuildFile; fileRef = 37A9F35524D7DD3C00B99BBC /* GLUT.framework */; };
		37A9F35824D7DD4400B99BBC /* CoreVideo.framework in Frameworks */ = {isa = PBXBuildFile; fileRef = 37A9F35724D7DD4400B99BBC /* CoreVideo.framework */; };
		37A9F35A24D7DD4B00B99BBC /* IOKit.framework in Frameworks */ = {isa = PBXBuildFile; fileRef = 37A9F35924D7DD4B00B99BBC /* IOKit.framework */; };
/* End PBXBuildFile section */

/* Begin PBXCopyFilesBuildPhase section */
		3715C16624D295940027BEB3 /* CopyFiles */ = {
			isa = PBXCopyFilesBuildPhase;
			buildActionMask = 2147483647;
			dstPath = /usr/share/man/man1/;
			dstSubfolderSpec = 0;
			files = (
			);
			runOnlyForDeploymentPostprocessing = 1;
		};
/* End PBXCopyFilesBuildPhase section */

/* Begin PBXFileReference section */
		3715C16824D295940027BEB3 /* FirstOpenGLApplication */ = {isa = PBXFileReference; explicitFileType = "compiled.mach-o.executable"; includeInIndex = 0; path = FirstOpenGLApplication; sourceTree = BUILT_PRODUCTS_DIR; };
		3715C16B24D295950027BEB3 /* main.cpp */ = {isa = PBXFileReference; lastKnownFileType = sourcecode.cpp.cpp; path = main.cpp; sourceTree = "<group>"; };
		37A9F34A24D7D76200B99BBC /* glad.c */ = {isa = PBXFileReference; fileEncoding = 4; lastKnownFileType = sourcecode.c.c; name = glad.c; path = ../glad/src/glad.c; sourceTree = "<group>"; };
		37A9F34E24D7D8F000B99BBC /* libglfw3.a */ = {isa = PBXFileReference; lastKnownFileType = archive.ar; name = libglfw3.a; path = ../../../../../../usr/local/lib/libglfw3.a; sourceTree = "<group>"; };
		37A9F35024D7DD1B00B99BBC /* Cocoa.framework */ = {isa = PBXFileReference; lastKnownFileType = wrapper.framework; name = Cocoa.framework; path = System/Library/Frameworks/Cocoa.framework; sourceTree = SDKROOT; };
		37A9F35224D7DD2300B99BBC /* OpenGL.framework */ = {isa = PBXFileReference; lastKnownFileType = wrapper.framework; name = OpenGL.framework; path = System/Library/Frameworks/OpenGL.framework; sourceTree = SDKROOT; };
		37A9F35524D7DD3C00B99BBC /* GLUT.framework */ = {isa = PBXFileReference; lastKnownFileType = wrapper.framework; name = GLUT.framework; path = System/Library/Frameworks/GLUT.framework; sourceTree = SDKROOT; };
		37A9F35724D7DD4400B99BBC /* CoreVideo.framework */ = {isa = PBXFileReference; lastKnownFileType = wrapper.framework; name = CoreVideo.framework; path = System/Library/Frameworks/CoreVideo.framework; sourceTree = SDKROOT; };
		37A9F35924D7DD4B00B99BBC /* IOKit.framework */ = {isa = PBXFileReference; lastKnownFileType = wrapper.framework; name = IOKit.framework; path = System/Library/Frameworks/IOKit.framework; sourceTree = SDKROOT; };
/* End PBXFileReference section */

/* Begin PBXFrameworksBuildPhase section */
		3715C16524D295940027BEB3 /* Frameworks */ = {
			isa = PBXFrameworksBuildPhase;
			buildActionMask = 2147483647;
			files = (
				37A9F35A24D7DD4B00B99BBC /* IOKit.framework in Frameworks */,
				37A9F35824D7DD4400B99BBC /* CoreVideo.framework in Frameworks */,
				37A9F35624D7DD3C00B99BBC /* GLUT.framework in Frameworks */,
				37A9F35424D7DD3000B99BBC /* Cocoa.framework in Frameworks */,
				37A9F35324D7DD2300B99BBC /* OpenGL.framework in Frameworks */,
				37A9F34F24D7D8F000B99BBC /* libglfw3.a in Frameworks */,
			);
			runOnlyForDeploymentPostprocessing = 0;
		};
/* End PBXFrameworksBuildPhase section */

/* Begin PBXGroup section */
		3715C15F24D295940027BEB3 = {
			isa = PBXGroup;
			children = (
				37A9F34A24D7D76200B99BBC /* glad.c */,
				3715C16A24D295940027BEB3 /* FirstOpenGLApplication */,
				3715C16924D295940027BEB3 /* Products */,
				378E216F24D2F17400391A05 /* Frameworks */,
			);
			sourceTree = "<group>";
		};
		3715C16924D295940027BEB3 /* Products */ = {
			isa = PBXGroup;
			children = (
				3715C16824D295940027BEB3 /* FirstOpenGLApplication */,
			);
			name = Products;
			sourceTree = "<group>";
		};
		3715C16A24D295940027BEB3 /* FirstOpenGLApplication */ = {
			isa = PBXGroup;
			children = (
				3715C16B24D295950027BEB3 /* main.cpp */,
			);
			path = FirstOpenGLApplication;
			sourceTree = "<group>";
		};
		378E216F24D2F17400391A05 /* Frameworks */ = {
			isa = PBXGroup;
			children = (
				37A9F35924D7DD4B00B99BBC /* IOKit.framework */,
				37A9F35724D7DD4400B99BBC /* CoreVideo.framework */,
				37A9F35524D7DD3C00B99BBC /* GLUT.framework */,
				37A9F35224D7DD2300B99BBC /* OpenGL.framework */,
				37A9F35024D7DD1B00B99BBC /* Cocoa.framework */,
				37A9F34E24D7D8F000B99BBC /* libglfw3.a */,
			);
			name = Frameworks;
			sourceTree = "<group>";
		};
/* End PBXGroup section */

/* Begin PBXNativeTarget section */
		3715C16724D295940027BEB3 /* FirstOpenGLApplication */ = {
			isa = PBXNativeTarget;
			buildConfigurationList = 3715C16F24D295950027BEB3 /* Build configuration list for PBXNativeTarget "FirstOpenGLApplication" */;
			buildPhases = (
				3715C16424D295940027BEB3 /* Sources */,
				3715C16524D295940027BEB3 /* Frameworks */,
				3715C16624D295940027BEB3 /* CopyFiles */,
			);
			buildRules = (
			);
			dependencies = (
			);
			name = FirstOpenGLApplication;
			productName = FirstOpenGLApplication;
			productReference = 3715C16824D295940027BEB3 /* FirstOpenGLApplication */;
			productType = "com.apple.product-type.tool";
		};
/* End PBXNativeTarget section */

/* Begin PBXProject section */
		3715C16024D295940027BEB3 /* Project object */ = {
			isa = PBXProject;
			attributes = {
				LastUpgradeCheck = 1160;
				ORGANIZATIONNAME = 58;
				TargetAttributes = {
					3715C16724D295940027BEB3 = {
						CreatedOnToolsVersion = 11.6;
					};
				};
			};
			buildConfigurationList = 3715C16324D295940027BEB3 /* Build configuration list for PBXProject "FirstOpenGLApplication" */;
			compatibilityVersion = "Xcode 9.3";
			developmentRegion = en;
			hasScannedForEncodings = 0;
			knownRegions = (
				en,
				Base,
			);
			mainGroup = 3715C15F24D295940027BEB3;
			productRefGroup = 3715C16924D295940027BEB3 /* Products */;
			projectDirPath = "";
			projectRoot = "";
			targets = (
				3715C16724D295940027BEB3 /* FirstOpenGLApplication */,
			);
		};
/* End PBXProject section */

/* Begin PBXSourcesBuildPhase section */
		3715C16424D295940027BEB3 /* Sources */ = {
			isa = PBXSourcesBuildPhase;
			buildActionMask = 2147483647;
			files = (
				3715C16C24D295950027BEB3 /* main.cpp in Sources */,
				37A9F34B24D7D76200B99BBC /* glad.c in Sources */,
			);
			runOnlyForDeploymentPostprocessing = 0;
		};
/* End PBXSourcesBuildPhase section */

/* Begin XCBuildConfiguration section */
		3715C16D24D295950027BEB3 /* Debug */ = {
			isa = XCBuildConfiguration;
			buildSettings = {
				ALWAYS_SEARCH_USER_PATHS = NO;
				CLANG_ANALYZER_NONNULL = YES;
				CLANG_ANALYZER_NUMBER_OBJECT_CONVERSION = YES_AGGRESSIVE;
				CLANG_CXX_LANGUAGE_STANDARD = "gnu++14";
				CLANG_CXX_LIBRARY = "libc++";
				CLANG_ENABLE_MODULES = YES;
				CLANG_ENABLE_OBJC_ARC = YES;
				CLANG_ENABLE_OBJC_WEAK = YES;
				CLANG_WARN_BLOCK_CAPTURE_AUTORELEASING = YES;
				CLANG_WARN_BOOL_CONVERSION = YES;
				CLANG_WARN_COMMA = YES;
				CLANG_WARN_CONSTANT_CONVERSION = YES;
				CLANG_WARN_DEPRECATED_OBJC_IMPLEMENTATIONS = YES;
				CLANG_WARN_DIRECT_OBJC_ISA_USAGE = YES_ERROR;
				CLANG_WARN_DOCUMENTATION_COMMENTS = YES;
				CLANG_WARN_EMPTY_BODY = YES;
				CLANG_WARN_ENUM_CONVERSION = YES;
				CLANG_WARN_INFINITE_RECURSION = YES;
				CLANG_WARN_INT_CONVERSION = YES;
				CLANG_WARN_NON_LITERAL_NULL_CONVERSION = YES;
				CLANG_WARN_OBJC_IMPLICIT_RETAIN_SELF = YES;
				CLANG_WARN_OBJC_LITERAL_CONVERSION = YES;
				CLANG_WARN_OBJC_ROOT_CLASS = YES_ERROR;
				CLANG_WARN_RANGE_LOOP_ANALYSIS = YES;
				CLANG_WARN_STRICT_PROTOTYPES = YES;
				CLANG_WARN_SUSPICIOUS_MOVE = YES;
				CLANG_WARN_UNGUARDED_AVAILABILITY = YES_AGGRESSIVE;
				CLANG_WARN_UNREACHABLE_CODE = YES;
				CLANG_WARN__DUPLICATE_METHOD_MATCH = YES;
				COPY_PHASE_STRIP = NO;
				DEBUG_INFORMATION_FORMAT = dwarf;
				ENABLE_STRICT_OBJC_MSGSEND = YES;
				ENABLE_TESTABILITY = YES;
				GCC_C_LANGUAGE_STANDARD = gnu11;
				GCC_DYNAMIC_NO_PIC = NO;
				GCC_NO_COMMON_BLOCKS = YES;
				GCC_OPTIMIZATION_LEVEL = 0;
				GCC_PREPROCESSOR_DEFINITIONS = (
					"DEBUG=1",
					"$(inherited)",
				);
				GCC_WARN_64_TO_32_BIT_CONVERSION = YES;
				GCC_WARN_ABOUT_RETURN_TYPE = YES_ERROR;
				GCC_WARN_UNDECLARED_SELECTOR = YES;
				GCC_WARN_UNINITIALIZED_AUTOS = YES_AGGRESSIVE;
				GCC_WARN_UNUSED_FUNCTION = YES;
				GCC_WARN_UNUSED_VARIABLE = YES;
				HEADER_SEARCH_PATHS = /usr/local/include/;
				LIBRARY_SEARCH_PATHS = /usr/local/lib/;
				MACOSX_DEPLOYMENT_TARGET = 10.15;
				MTL_ENABLE_DEBUG_INFO = INCLUDE_SOURCE;
				MTL_FAST_MATH = YES;
				ONLY_ACTIVE_ARCH = YES;
				OTHER_LDFLAGS = "-lgfw3";
				SDKROOT = macosx;
			};
			name = Debug;
		};
		3715C16E24D295950027BEB3 /* Release */ = {
			isa = XCBuildConfiguration;
			buildSettings = {
				ALWAYS_SEARCH_USER_PATHS = NO;
				CLANG_ANALYZER_NONNULL = YES;
				CLANG_ANALYZER_NUMBER_OBJECT_CONVERSION = YES_AGGRESSIVE;
				CLANG_CXX_LANGUAGE_STANDARD = "gnu++14";
				CLANG_CXX_LIBRARY = "libc++";
				CLANG_ENABLE_MODULES = YES;
				CLANG_ENABLE_OBJC_ARC = YES;
				CLANG_ENABLE_OBJC_WEAK = YES;
				CLANG_WARN_BLOCK_CAPTURE_AUTORELEASING = YES;
				CLANG_WARN_BOOL_CONVERSION = YES;
				CLANG_WARN_COMMA = YES;
				CLANG_WARN_CONSTANT_CONVERSION = YES;
				CLANG_WARN_DEPRECATED_OBJC_IMPLEMENTATIONS = YES;
				CLANG_WARN_DIRECT_OBJC_ISA_USAGE = YES_ERROR;
				CLANG_WARN_DOCUMENTATION_COMMENTS = YES;
				CLANG_WARN_EMPTY_BODY = YES;
				CLANG_WARN_ENUM_CONVERSION = YES;
				CLANG_WARN_INFINITE_RECURSION = YES;
				CLANG_WARN_INT_CONVERSION = YES;
				CLANG_WARN_NON_LITERAL_NULL_CONVERSION = YES;
				CLANG_WARN_OBJC_IMPLICIT_RETAIN_SELF = YES;
				CLANG_WARN_OBJC_LITERAL_CONVERSION = YES;
				CLANG_WARN_OBJC_ROOT_CLASS = YES_ERROR;
				CLANG_WARN_RANGE_LOOP_ANALYSIS = YES;
				CLANG_WARN_STRICT_PROTOTYPES = YES;
				CLANG_WARN_SUSPICIOUS_MOVE = YES;
				CLANG_WARN_UNGUARDED_AVAILABILITY = YES_AGGRESSIVE;
				CLANG_WARN_UNREACHABLE_CODE = YES;
				CLANG_WARN__DUPLICATE_METHOD_MATCH = YES;
				COPY_PHASE_STRIP = NO;
				DEBUG_INFORMATION_FORMAT = "dwarf-with-dsym";
				ENABLE_NS_ASSERTIONS = NO;
				ENABLE_STRICT_OBJC_MSGSEND = YES;
				GCC_C_LANGUAGE_STANDARD = gnu11;
				GCC_NO_COMMON_BLOCKS = YES;
				GCC_WARN_64_TO_32_BIT_CONVERSION = YES;
				GCC_WARN_ABOUT_RETURN_TYPE = YES_ERROR;
				GCC_WARN_UNDECLARED_SELECTOR = YES;
				GCC_WARN_UNINITIALIZED_AUTOS = YES_AGGRESSIVE;
				GCC_WARN_UNUSED_FUNCTION = YES;
				GCC_WARN_UNUSED_VARIABLE = YES;
				HEADER_SEARCH_PATHS = /usr/local/include/;
				LIBRARY_SEARCH_PATHS = /usr/local/lib/;
				MACOSX_DEPLOYMENT_TARGET = 10.15;
				MTL_ENABLE_DEBUG_INFO = NO;
				MTL_FAST_MATH = YES;
				OTHER_LDFLAGS = "-lgfw3";
				SDKROOT = macosx;
			};
			name = Release;
		};
		3715C17024D295950027BEB3 /* Debug */ = {
			isa = XCBuildConfiguration;
			buildSettings = {
				CODE_SIGN_STYLE = Automatic;
				OTHER_LDFLAGS = "";
				PRODUCT_NAME = "$(TARGET_NAME)";
			};
			name = Debug;
		};
		3715C17124D295950027BEB3 /* Release */ = {
			isa = XCBuildConfiguration;
			buildSettings = {
				CODE_SIGN_STYLE = Automatic;
				OTHER_LDFLAGS = "";
				PRODUCT_NAME = "$(TARGET_NAME)";
			};
			name = Release;
		};
/* End XCBuildConfiguration section */

/* Begin XCConfigurationList section */
		3715C16324D295940027BEB3 /* Build configuration list for PBXProject "FirstOpenGLApplication" */ = {
			isa = XCConfigurationList;
			buildConfigurations = (
				3715C16D24D295950027BEB3 /* Debug */,
				3715C16E24D295950027BEB3 /* Release */,
			);
			defaultConfigurationIsVisible = 0;
			defaultConfigurationName = Release;
		};
		3715C16F24D295950027BEB3 /* Build configuration list for PBXNativeTarget "FirstOpenGLApplication" */ = {
			isa = XCConfigurationList;
			buildConfigurations = (
				3715C17024D295950027BEB3 /* Debug */,
				3715C17124D295950027BEB3 /* Release */,
			);
			defaultConfigurationIsVisible = 0;
			defaultConfigurationName = Release;
		};
/* End XCConfigurationList section */
	};
	rootObject = 3715C16024D295940027BEB3 /* Project object */;
}
